<?xml version="1.0" encoding="utf-8"?>
<Project ToolsVersion="4.0" xmlns="http://schemas.microsoft.com/developer/msbuild/2003">
  <ItemGroup>
    <Filter Include="Editor">
      <UniqueIdentifier>{8C1A20B0-78BC-4A86-6177-5EDA4DB8D1D6}</UniqueIdentifier>
    </Filter>
    <Filter Include="Editor\ImGui">
      <UniqueIdentifier>{B6482D3E-A2AB-BCE2-4B31-F59837738865}</UniqueIdentifier>
    </Filter>
    <Filter Include="Rendering">
      <UniqueIdentifier>{E3AE1F7C-4F19-D4F2-9857-85980401B247}</UniqueIdentifier>
    </Filter>
    <Filter Include="Shaders">
      <UniqueIdentifier>{EFAC8DF2-5B8C-0C8E-64A4-9764D00273EF}</UniqueIdentifier>
    </Filter>
  </ItemGroup>
  <ItemGroup>
    <ClInclude Include="src\AssetManager.h" />
    <ClInclude Include="src\Defines.h" />
    <ClInclude Include="src\Editor\Edge.h">
      <Filter>Editor</Filter>
    </ClInclude>
    <ClInclude Include="src\Editor\Graph.h">
      <Filter>Editor</Filter>
    </ClInclude>
    <ClInclude Include="src\Editor\IdMap.h">
      <Filter>Editor</Filter>
    </ClInclude>
    <ClInclude Include="src\Editor\ImGui\imconfig.h">
      <Filter>Editor\ImGui</Filter>
    </ClInclude>
    <ClInclude Include="src\Editor\ImGui\imgui.h">
      <Filter>Editor\ImGui</Filter>
    </ClInclude>
    <ClInclude Include="src\Editor\ImGui\imgui_impl_dx12.h">
      <Filter>Editor\ImGui</Filter>
    </ClInclude>
    <ClInclude Include="src\Editor\ImGui\imgui_impl_win32.h">
      <Filter>Editor\ImGui</Filter>
    </ClInclude>
    <ClInclude Include="src\Editor\ImGui\imgui_internal.h">
      <Filter>Editor\ImGui</Filter>
    </ClInclude>
    <ClInclude Include="src\Editor\ImGui\imnodes.h">
      <Filter>Editor\ImGui</Filter>
    </ClInclude>
    <ClInclude Include="src\Editor\ImGui\imnodes_internal.h">
      <Filter>Editor\ImGui</Filter>
    </ClInclude>
    <ClInclude Include="src\Editor\ImGui\imstb_rectpack.h">
      <Filter>Editor\ImGui</Filter>
    </ClInclude>
    <ClInclude Include="src\Editor\ImGui\imstb_textedit.h">
      <Filter>Editor\ImGui</Filter>
    </ClInclude>
    <ClInclude Include="src\Editor\ImGui\imstb_truetype.h">
      <Filter>Editor\ImGui</Filter>
    </ClInclude>
    <ClInclude Include="src\Editor\Node.h">
      <Filter>Editor</Filter>
    </ClInclude>
    <ClInclude Include="src\Entity.h" />
    <ClInclude Include="src\GameTimer.h" />
    <ClInclude Include="src\GeometryGenerator.h" />
    <ClInclude Include="src\Log.h" />
    <ClInclude Include="src\Model.h" />
    <ClInclude Include="src\Rendering\D3DApp.h">
      <Filter>Rendering</Filter>
    </ClInclude>
    <ClInclude Include="src\Rendering\D3DUtil.h">
      <Filter>Rendering</Filter>
    </ClInclude>
    <ClInclude Include="src\Rendering\FrameResource.h">
      <Filter>Rendering</Filter>
    </ClInclude>
    <ClInclude Include="src\Rendering\Mesh.h">
      <Filter>Rendering</Filter>
    </ClInclude>
    <ClInclude Include="src\Rendering\RenderTexture.h">
      <Filter>Rendering</Filter>
    </ClInclude>
    <ClInclude Include="src\Rendering\UploadBuffer.h">
      <Filter>Rendering</Filter>
    </ClInclude>
    <ClInclude Include="src\Rendering\Vertex.h">
      <Filter>Rendering</Filter>
    </ClInclude>
    <ClInclude Include="src\Rendering\Window.h">
      <Filter>Rendering</Filter>
    </ClInclude>
    <ClInclude Include="src\Rendering\d3dx12.h">
      <Filter>Rendering</Filter>
    </ClInclude>
    <ClInclude Include="src\ShaderToolApp.h" />
    <ClInclude Include="src\pch.h" />
    <ClInclude Include="src\Rendering\Shader.h" />
    <ClInclude Include="src\Rendering\ShaderManager.h" />
    <ClInclude Include="src\Editor\UiNode.h" />
  </ItemGroup>
  <ItemGroup>
    <ClCompile Include="src\AssetManager.cpp" />
    <ClCompile Include="src\Editor\ImGui\imgui.cpp">
      <Filter>Editor\ImGui</Filter>
    </ClCompile>
    <ClCompile Include="src\Editor\ImGui\imgui_demo.cpp">
      <Filter>Editor\ImGui</Filter>
    </ClCompile>
    <ClCompile Include="src\Editor\ImGui\imgui_draw.cpp">
      <Filter>Editor\ImGui</Filter>
    </ClCompile>
    <ClCompile Include="src\Editor\ImGui\imgui_impl_dx12.cpp">
      <Filter>Editor\ImGui</Filter>
    </ClCompile>
    <ClCompile Include="src\Editor\ImGui\imgui_impl_win32.cpp">
      <Filter>Editor\ImGui</Filter>
    </ClCompile>
    <ClCompile Include="src\Editor\ImGui\imgui_tables.cpp">
      <Filter>Editor\ImGui</Filter>
    </ClCompile>
    <ClCompile Include="src\Editor\ImGui\imgui_widgets.cpp">
      <Filter>Editor\ImGui</Filter>
    </ClCompile>
    <ClCompile Include="src\Editor\ImGui\imnodes.cpp">
      <Filter>Editor\ImGui</Filter>
    </ClCompile>
    <ClCompile Include="src\GameTimer.cpp" />
    <ClCompile Include="src\GeometryGenerator.cpp" />
    <ClCompile Include="src\Log.cpp" />
    <ClCompile Include="src\Main.cpp" />
    <ClCompile Include="src\Rendering\D3DApp.cpp">
      <Filter>Rendering</Filter>
    </ClCompile>
    <ClCompile Include="src\Rendering\D3DUtil.cpp">
      <Filter>Rendering</Filter>
    </ClCompile>
    <ClCompile Include="src\Rendering\FrameResource.cpp">
      <Filter>Rendering</Filter>
    </ClCompile>
    <ClCompile Include="src\Rendering\RenderTexture.cpp">
      <Filter>Rendering</Filter>
    </ClCompile>
    <ClCompile Include="src\Rendering\Window.cpp">
      <Filter>Rendering</Filter>
    </ClCompile>
    <ClCompile Include="src\ShaderToolApp_Init.cpp" />
    <ClCompile Include="src\ShaderToolApp_Main.cpp" />
    <ClCompile Include="src\ShaderToolApp_NodeGraph.cpp" />
    <ClCompile Include="src\pch.cpp" />
    <ClCompile Include="src\Rendering\Shader.cpp" />
    <ClCompile Include="src\Rendering\ShaderManager.cpp" />
  </ItemGroup>
  <ItemGroup>
    <FxCompile Include="src\Shaders\default_ps.hlsl">
      <Filter>Shaders</Filter>
    </FxCompile>
    <FxCompile Include="src\Shaders\default_vs.hlsl">
      <Filter>Shaders</Filter>
    </FxCompile>
    <FxCompile Include="src\Shaders\quad_ps.hlsl">
      <Filter>Shaders</Filter>
    </FxCompile>
    <FxCompile Include="src\Shaders\quad_vs.hlsl">
      <Filter>Shaders</Filter>
    </FxCompile>
    <FxCompile Include="src\Shaders\backbuffer_vs.hlsl" />
  </ItemGroup>
</Project>