<?xml version="1.0" encoding="utf-8"?>
<Project ToolsVersion="4.0" xmlns="http://schemas.microsoft.com/developer/msbuild/2003">
  <ItemGroup>
    <Filter Include="Editor">
      <UniqueIdentifier>{8C1A20B0-78BC-4A86-6177-5EDA4DB8D1D6}</UniqueIdentifier>
    </Filter>
    <Filter Include="Editor\Graph">
      <UniqueIdentifier>{8D430C3E-79A6-9BE2-222C-D4980E6E6765}</UniqueIdentifier>
    </Filter>
    <Filter Include="Editor\ImGui">
      <UniqueIdentifier>{B6482D3E-A2AB-BCE2-4B31-F59837738865}</UniqueIdentifier>
    </Filter>
    <Filter Include="Editor\NFD">
      <UniqueIdentifier>{739B9DA0-5F53-DFED-C85A-B849B4317ADE}</UniqueIdentifier>
    </Filter>
    <Filter Include="Editor\UiNode">
      <UniqueIdentifier>{DFA18F1F-4B62-0B56-149D-54D3801C5032}</UniqueIdentifier>
    </Filter>
    <Filter Include="Rendering">
      <UniqueIdentifier>{E3AE1F7C-4F19-D4F2-9857-85980401B247}</UniqueIdentifier>
    </Filter>
    <Filter Include="Shaders">
      <UniqueIdentifier>{EFAC8DF2-5B8C-0C8E-64A4-9764D00273EF}</UniqueIdentifier>
    </Filter>
  </ItemGroup>
  <ItemGroup>
    <ClInclude Include="src\AssetManager.h" />
    <ClInclude Include="src\Defines.h" />
    <ClInclude Include="src\Editor\Graph\Edge.h">
      <Filter>Editor\Graph</Filter>
    </ClInclude>
    <ClInclude Include="src\Editor\Graph\Graph.h">
      <Filter>Editor\Graph</Filter>
    </ClInclude>
    <ClInclude Include="src\Editor\Graph\IdMap.h">
      <Filter>Editor\Graph</Filter>
    </ClInclude>
    <ClInclude Include="src\Editor\Graph\Node.h">
      <Filter>Editor\Graph</Filter>
    </ClInclude>
    <ClInclude Include="src\Editor\ImGui\imconfig.h">
      <Filter>Editor\ImGui</Filter>
    </ClInclude>
    <ClInclude Include="src\Editor\ImGui\imfilebrowser.h">
      <Filter>Editor\ImGui</Filter>
    </ClInclude>
    <ClInclude Include="src\Editor\ImGui\imgui.h">
      <Filter>Editor\ImGui</Filter>
    </ClInclude>
    <ClInclude Include="src\Editor\ImGui\imgui_impl_dx12.h">
      <Filter>Editor\ImGui</Filter>
    </ClInclude>
    <ClInclude Include="src\Editor\ImGui\imgui_impl_win32.h">
      <Filter>Editor\ImGui</Filter>
    </ClInclude>
    <ClInclude Include="src\Editor\ImGui\imgui_internal.h">
      <Filter>Editor\ImGui</Filter>
    </ClInclude>
    <ClInclude Include="src\Editor\ImGui\imnodes.h">
      <Filter>Editor\ImGui</Filter>
    </ClInclude>
    <ClInclude Include="src\Editor\ImGui\imnodes_internal.h">
      <Filter>Editor\ImGui</Filter>
    </ClInclude>
    <ClInclude Include="src\Editor\ImGui\imstb_rectpack.h">
      <Filter>Editor\ImGui</Filter>
    </ClInclude>
    <ClInclude Include="src\Editor\ImGui\imstb_textedit.h">
      <Filter>Editor\ImGui</Filter>
    </ClInclude>
    <ClInclude Include="src\Editor\ImGui\imstb_truetype.h">
      <Filter>Editor\ImGui</Filter>
    </ClInclude>
    <ClInclude Include="src\Editor\NFD\common.h">
      <Filter>Editor\NFD</Filter>
    </ClInclude>
    <ClInclude Include="src\Editor\NFD\nfd.h">
      <Filter>Editor\NFD</Filter>
    </ClInclude>
    <ClInclude Include="src\Editor\NFD\nfd_common.h">
      <Filter>Editor\NFD</Filter>
    </ClInclude>
    <ClInclude Include="src\Editor\NFD\simple_exec.h">
      <Filter>Editor\NFD</Filter>
    </ClInclude>
    <ClInclude Include="src\Editor\UiNode\AddNode.h">
      <Filter>Editor\UiNode</Filter>
    </ClInclude>
    <ClInclude Include="src\Editor\UiNode\DrawNode.h">
      <Filter>Editor\UiNode</Filter>
    </ClInclude>
    <ClInclude Include="src\Editor\UiNode\MultiplyNode.h">
      <Filter>Editor\UiNode</Filter>
    </ClInclude>
    <ClInclude Include="src\Editor\UiNode\PrimitiveNode.h">
      <Filter>Editor\UiNode</Filter>
    </ClInclude>
    <ClInclude Include="src\Editor\UiNode\RenderTargetNode.h">
      <Filter>Editor\UiNode</Filter>
    </ClInclude>
    <ClInclude Include="src\Editor\UiNode\ShaderNode.h">
      <Filter>Editor\UiNode</Filter>
    </ClInclude>
    <ClInclude Include="src\Editor\UiNode\SineNode.h">
      <Filter>Editor\UiNode</Filter>
    </ClInclude>
    <ClInclude Include="src\Editor\UiNode\TimeNode.h">
      <Filter>Editor\UiNode</Filter>
    </ClInclude>
    <ClInclude Include="src\Editor\UiNode\UiNode.h">
      <Filter>Editor\UiNode</Filter>
    </ClInclude>
    <ClInclude Include="src\GameTimer.h" />
    <ClInclude Include="src\GeometryGenerator.h" />
    <ClInclude Include="src\Log.h" />
    <ClInclude Include="src\MagicEnum.h" />
    <ClInclude Include="src\Model.h" />
    <ClInclude Include="src\Rendering\D3DApp.h">
      <Filter>Rendering</Filter>
    </ClInclude>
    <ClInclude Include="src\Rendering\D3DUtil.h">
      <Filter>Rendering</Filter>
    </ClInclude>
    <ClInclude Include="src\Rendering\FrameResource.h">
      <Filter>Rendering</Filter>
    </ClInclude>
    <ClInclude Include="src\Rendering\Mesh.h">
      <Filter>Rendering</Filter>
    </ClInclude>
    <ClInclude Include="src\Rendering\PipelineStateObject.h">
      <Filter>Rendering</Filter>
    </ClInclude>
    <ClInclude Include="src\Rendering\RenderTexture.h">
      <Filter>Rendering</Filter>
    </ClInclude>
    <ClInclude Include="src\Rendering\Shader.h">
      <Filter>Rendering</Filter>
    </ClInclude>
    <ClInclude Include="src\Rendering\ShaderManager.h">
      <Filter>Rendering</Filter>
    </ClInclude>
    <ClInclude Include="src\Rendering\ShaderReflection.h">
      <Filter>Rendering</Filter>
    </ClInclude>
    <ClInclude Include="src\Rendering\UploadBuffer.h">
      <Filter>Rendering</Filter>
    </ClInclude>
    <ClInclude Include="src\Rendering\Vertex.h">
      <Filter>Rendering</Filter>
    </ClInclude>
    <ClInclude Include="src\Rendering\Window.h">
      <Filter>Rendering</Filter>
    </ClInclude>
    <ClInclude Include="src\Rendering\d3dx12.h">
      <Filter>Rendering</Filter>
    </ClInclude>
    <ClInclude Include="src\ShaderToolApp.h" />
    <ClInclude Include="src\pch.h" />
    <ClInclude Include="src\Patterns\IObserver.h" />
    <ClInclude Include="src\Patterns\ISubject.h" />
    <ClInclude Include="src\Events\Event.h" />
    <ClInclude Include="src\Events\EventManager.h" />
    <ClInclude Include="src\Editor\UiNode\ColorNode.h" />
    <ClInclude Include="src\Editor\UiNode\CameraNode.h" />
  </ItemGroup>
  <ItemGroup>
    <ClCompile Include="src\AssetManager.cpp" />
    <ClCompile Include="src\Editor\ImGui\imgui.cpp">
      <Filter>Editor\ImGui</Filter>
    </ClCompile>
    <ClCompile Include="src\Editor\ImGui\imgui_demo.cpp">
      <Filter>Editor\ImGui</Filter>
    </ClCompile>
    <ClCompile Include="src\Editor\ImGui\imgui_draw.cpp">
      <Filter>Editor\ImGui</Filter>
    </ClCompile>
    <ClCompile Include="src\Editor\ImGui\imgui_impl_dx12.cpp">
      <Filter>Editor\ImGui</Filter>
    </ClCompile>
    <ClCompile Include="src\Editor\ImGui\imgui_impl_win32.cpp">
      <Filter>Editor\ImGui</Filter>
    </ClCompile>
    <ClCompile Include="src\Editor\ImGui\imgui_tables.cpp">
      <Filter>Editor\ImGui</Filter>
    </ClCompile>
    <ClCompile Include="src\Editor\ImGui\imgui_widgets.cpp">
      <Filter>Editor\ImGui</Filter>
    </ClCompile>
    <ClCompile Include="src\Editor\ImGui\imnodes.cpp">
      <Filter>Editor\ImGui</Filter>
    </ClCompile>
    <ClCompile Include="src\Editor\NFD\nfd_common.c">
      <Filter>Editor\NFD</Filter>
    </ClCompile>
    <ClCompile Include="src\Editor\NFD\nfd_win.cpp">
      <Filter>Editor\NFD</Filter>
    </ClCompile>
    <ClCompile Include="src\GameTimer.cpp" />
    <ClCompile Include="src\GeometryGenerator.cpp" />
    <ClCompile Include="src\Log.cpp" />
    <ClCompile Include="src\Main.cpp" />
    <ClCompile Include="src\Rendering\D3DApp.cpp">
      <Filter>Rendering</Filter>
    </ClCompile>
    <ClCompile Include="src\Rendering\D3DUtil.cpp">
      <Filter>Rendering</Filter>
    </ClCompile>
    <ClCompile Include="src\Rendering\FrameResource.cpp">
      <Filter>Rendering</Filter>
    </ClCompile>
    <ClCompile Include="src\Rendering\PipelineStateObject.cpp">
      <Filter>Rendering</Filter>
    </ClCompile>
    <ClCompile Include="src\Rendering\RenderTexture.cpp">
      <Filter>Rendering</Filter>
    </ClCompile>
    <ClCompile Include="src\Rendering\Shader.cpp">
      <Filter>Rendering</Filter>
    </ClCompile>
    <ClCompile Include="src\Rendering\ShaderManager.cpp">
      <Filter>Rendering</Filter>
    </ClCompile>
    <ClCompile Include="src\Rendering\ShaderReflection.cpp">
      <Filter>Rendering</Filter>
    </ClCompile>
    <ClCompile Include="src\Rendering\Window.cpp">
      <Filter>Rendering</Filter>
    </ClCompile>
    <ClCompile Include="src\ShaderToolApp_Init.cpp" />
    <ClCompile Include="src\ShaderToolApp_Main.cpp" />
    <ClCompile Include="src\ShaderToolApp_NodeGraph.cpp" />
    <ClCompile Include="src\pch.cpp" />
    <ClCompile Include="src\Editor\UiNode\DrawNode.cpp" />
    <ClCompile Include="src\Events\EventManager.cpp" />
    <ClCompile Include="src\Editor\Graph\Graph.cpp" />
  </ItemGroup>
  <ItemGroup>
    <FxCompile Include="src\Shaders\backbuffer_vs.hlsl">
      <Filter>Shaders</Filter>
    </FxCompile>
  </ItemGroup>
  <ItemGroup>
    <CustomBuild Include="src\Shaders\custom_red.fx">
      <Filter>Shaders</Filter>
    </CustomBuild>
    <CustomBuild Include="src\Shaders\default.fx">
      <Filter>Shaders</Filter>
    </CustomBuild>
    <CustomBuild Include="src\Shaders\quad.fx">
      <Filter>Shaders</Filter>
    </CustomBuild>
  </ItemGroup>
</Project>